
Microsoft Visual Studio Solution File, Format Version 12.00
# Visual Studio Version 16
VisualStudioVersion = 16.0.29324.140
MinimumVisualStudioVersion = 10.0.40219.1
Project("{FAE04EC0-301F-11D3-BF4B-00C04F79EFBC}") = "structure", "epam\structure.csproj", "{AC971303-F4D6-4181-A487-065809082C11}"
EndProject
Project("{FAE04EC0-301F-11D3-BF4B-00C04F79EFBC}") = "enums", "enums\enums.csproj", "{07CAB790-BD1E-4B80-9D5D-F4C7B5AB6030}"
EndProject
Project("{FAE04EC0-301F-11D3-BF4B-00C04F79EFBC}") = "exceptions", "exceptions\exceptions.csproj", "{3B42D7E9-DFCF-480A-91EB-90097A16E6BA}"
EndProject
Project("{FAE04EC0-301F-11D3-BF4B-00C04F79EFBC}") = "io", "io\io.csproj", "{18BBBE27-2786-4BBB-8D06-B3780E6A14AB}"
EndProject
Project("{9A19103F-16F7-4668-BE54-9A1E7A4F7556}") = "logger", "logger\logger.csproj", "{865D770A-905D-4BC6-B74E-B468445D8BE6}"
EndProject
Project("{9A19103F-16F7-4668-BE54-9A1E7A4F7556}") = "printer", "printer\printer.csproj", "{E97AAC75-2F11-4B1A-AE73-8C947D5862AC}"
EndProject
Project("{FAE04EC0-301F-11D3-BF4B-00C04F79EFBC}") = "loggerTesting", "loggerTesting\loggerTesting.csproj", "{05CE27B1-E928-457B-9F4C-B3C1A9F5840C}"
EndProject
Project("{FAE04EC0-301F-11D3-BF4B-00C04F79EFBC}") = "serialization", "serialization\serialization.csproj", "{28599400-EBC7-4E70-882A-6277067CC5C2}"
EndProject
Project("{FAE04EC0-301F-11D3-BF4B-00C04F79EFBC}") = "reflection", "reflection\reflection.csproj", "{94624539-8B79-44F4-A065-F0D35FB13F6F}"
EndProject
Global
	GlobalSection(SolutionConfigurationPlatforms) = preSolution
		Debug|Any CPU = Debug|Any CPU
		Release|Any CPU = Release|Any CPU
	EndGlobalSection
	GlobalSection(ProjectConfigurationPlatforms) = postSolution
		{AC971303-F4D6-4181-A487-065809082C11}.Debug|Any CPU.ActiveCfg = Debug|Any CPU
		{AC971303-F4D6-4181-A487-065809082C11}.Debug|Any CPU.Build.0 = Debug|Any CPU
		{AC971303-F4D6-4181-A487-065809082C11}.Release|Any CPU.ActiveCfg = Release|Any CPU
		{AC971303-F4D6-4181-A487-065809082C11}.Release|Any CPU.Build.0 = Release|Any CPU
		{07CAB790-BD1E-4B80-9D5D-F4C7B5AB6030}.Debug|Any CPU.ActiveCfg = Debug|Any CPU
		{07CAB790-BD1E-4B80-9D5D-F4C7B5AB6030}.Debug|Any CPU.Build.0 = Debug|Any CPU
		{07CAB790-BD1E-4B80-9D5D-F4C7B5AB6030}.Release|Any CPU.ActiveCfg = Release|Any CPU
		{07CAB790-BD1E-4B80-9D5D-F4C7B5AB6030}.Release|Any CPU.Build.0 = Release|Any CPU
		{3B42D7E9-DFCF-480A-91EB-90097A16E6BA}.Debug|Any CPU.ActiveCfg = Debug|Any CPU
		{3B42D7E9-DFCF-480A-91EB-90097A16E6BA}.Debug|Any CPU.Build.0 = Debug|Any CPU
		{3B42D7E9-DFCF-480A-91EB-90097A16E6BA}.Release|Any CPU.ActiveCfg = Release|Any CPU
		{3B42D7E9-DFCF-480A-91EB-90097A16E6BA}.Release|Any CPU.Build.0 = Release|Any CPU
		{18BBBE27-2786-4BBB-8D06-B3780E6A14AB}.Debug|Any CPU.ActiveCfg = Debug|Any CPU
		{18BBBE27-2786-4BBB-8D06-B3780E6A14AB}.Debug|Any CPU.Build.0 = Debug|Any CPU
		{18BBBE27-2786-4BBB-8D06-B3780E6A14AB}.Release|Any CPU.ActiveCfg = Release|Any CPU
		{18BBBE27-2786-4BBB-8D06-B3780E6A14AB}.Release|Any CPU.Build.0 = Release|Any CPU
		{865D770A-905D-4BC6-B74E-B468445D8BE6}.Debug|Any CPU.ActiveCfg = Debug|Any CPU
		{865D770A-905D-4BC6-B74E-B468445D8BE6}.Debug|Any CPU.Build.0 = Debug|Any CPU
		{865D770A-905D-4BC6-B74E-B468445D8BE6}.Release|Any CPU.ActiveCfg = Release|Any CPU
		{865D770A-905D-4BC6-B74E-B468445D8BE6}.Release|Any CPU.Build.0 = Release|Any CPU
		{E97AAC75-2F11-4B1A-AE73-8C947D5862AC}.Debug|Any CPU.ActiveCfg = Debug|Any CPU
		{E97AAC75-2F11-4B1A-AE73-8C947D5862AC}.Debug|Any CPU.Build.0 = Debug|Any CPU
		{E97AAC75-2F11-4B1A-AE73-8C947D5862AC}.Release|Any CPU.ActiveCfg = Release|Any CPU
		{E97AAC75-2F11-4B1A-AE73-8C947D5862AC}.Release|Any CPU.Build.0 = Release|Any CPU
		{05CE27B1-E928-457B-9F4C-B3C1A9F5840C}.Debug|Any CPU.ActiveCfg = Debug|Any CPU
		{05CE27B1-E928-457B-9F4C-B3C1A9F5840C}.Debug|Any CPU.Build.0 = Debug|Any CPU
		{05CE27B1-E928-457B-9F4C-B3C1A9F5840C}.Release|Any CPU.ActiveCfg = Release|Any CPU
		{05CE27B1-E928-457B-9F4C-B3C1A9F5840C}.Release|Any CPU.Build.0 = Release|Any CPU
		{28599400-EBC7-4E70-882A-6277067CC5C2}.Debug|Any CPU.ActiveCfg = Debug|Any CPU
		{28599400-EBC7-4E70-882A-6277067CC5C2}.Debug|Any CPU.Build.0 = Debug|Any CPU
		{28599400-EBC7-4E70-882A-6277067CC5C2}.Release|Any CPU.ActiveCfg = Release|Any CPU
		{28599400-EBC7-4E70-882A-6277067CC5C2}.Release|Any CPU.Build.0 = Release|Any CPU
		{94624539-8B79-44F4-A065-F0D35FB13F6F}.Debug|Any CPU.ActiveCfg = Debug|Any CPU
		{94624539-8B79-44F4-A065-F0D35FB13F6F}.Debug|Any CPU.Build.0 = Debug|Any CPU
		{94624539-8B79-44F4-A065-F0D35FB13F6F}.Release|Any CPU.ActiveCfg = Release|Any CPU
		{94624539-8B79-44F4-A065-F0D35FB13F6F}.Release|Any CPU.Build.0 = Release|Any CPU
	EndGlobalSection
	GlobalSection(SolutionProperties) = preSolution
		HideSolutionNode = FALSE
	EndGlobalSection
	GlobalSection(ExtensibilityGlobals) = postSolution
		SolutionGuid = {A3A04622-E4F4-41E8-B430-4F919A53785B}
	EndGlobalSection
EndGlobal
